// !$*UTF8*$!
{
	archiveVersion = 1;
	classes = {
	};
	objectVersion = 77;
	objects = {

/* Begin PBXContainerItemProxy section */
		571295A92EF46085008BB1D1 /* PBXContainerItemProxy */ = {
			isa = PBXContainerItemProxy;
			containerPortal = 571295902EF46082008BB1D1 /* Project object */;
			proxyType = 1;
			remoteGlobalIDString = 571295972EF46082008BB1D1;
			remoteInfo = RAMA_TMS;
		};
		571295B32EF46085008BB1D1 /* PBXContainerItemProxy */ = {
			isa = PBXContainerItemProxy;
			containerPortal = 571295902EF46082008BB1D1 /* Project object */;
			proxyType = 1;
			remoteGlobalIDString = 571295972EF46082008BB1D1;
			remoteInfo = RAMA_TMS;
		};
/* End PBXContainerItemProxy section */

/* Begin PBXFileReference section */
		571295982EF46082008BB1D1 /* RAMA_TMS.app */ = {isa = PBXFileReference; explicitFileType = wrapper.application; includeInIndex = 0; path = RAMA_TMS.app; sourceTree = BUILT_PRODUCTS_DIR; };
		571295A82EF46085008BB1D1 /* RAMA_TMSTests.xctest */ = {isa = PBXFileReference; explicitFileType = wrapper.cfbundle; includeInIndex = 0; path = RAMA_TMSTests.xctest; sourceTree = BUILT_PRODUCTS_DIR; };
		571295B22EF46085008BB1D1 /* RAMA_TMSUITests.xctest */ = {isa = PBXFileReference; explicitFileType = wrapper.cfbundle; includeInIndex = 0; path = RAMA_TMSUITests.xctest; sourceTree = BUILT_PRODUCTS_DIR; };
/* End PBXFileReference section */

/* Begin PBXFileSystemSynchronizedRootGroup section */
		5712959A2EF46082008BB1D1 /* RAMA_TMS */ = {
			isa = PBXFileSystemSynchronizedRootGroup;
			path = RAMA_TMS;
			sourceTree = "<group>";
		};
		571295AB2EF46085008BB1D1 /* RAMA_TMSTests */ = {
			isa = PBXFileSystemSynchronizedRootGroup;
			path = RAMA_TMSTests;
			sourceTree = "<group>";
		};
		571295B52EF46085008BB1D1 /* RAMA_TMSUITests */ = {
			isa = PBXFileSystemSynchronizedRootGroup;
			path = RAMA_TMSUITests;
			sourceTree = "<group>";
		};
/* End PBXFileSystemSynchronizedRootGroup section */

/* Begin PBXFrameworksBuildPhase section */
		571295952EF46082008BB1D1 /* Frameworks */ = {
			isa = PBXFrameworksBuildPhase;
			buildActionMask = 2147483647;
			files = (
			);
			runOnlyForDeploymentPostprocessing = 0;
		};
		571295A52EF46085008BB1D1 /* Frameworks */ = {
			isa = PBXFrameworksBuildPhase;
			buildActionMask = 2147483647;
			files = (
			);
			runOnlyForDeploymentPostprocessing = 0;
		};
		571295AF2EF46085008BB1D1 /* Frameworks */ = {
			isa = PBXFrameworksBuildPhase;
			buildActionMask = 2147483647;
			files = (
			);
			runOnlyForDeploymentPostprocessing = 0;
		};
/* End PBXFrameworksBuildPhase section */

/* Begin PBXGroup section */
		5712958F2EF46082008BB1D1 = {
			isa = PBXGroup;
			children = (
				5712959A2EF46082008BB1D1 /* RAMA_TMS */,
				571295AB2EF46085008BB1D1 /* RAMA_TMSTests */,
				571295B52EF46085008BB1D1 /* RAMA_TMSUITests */,
				571295992EF46082008BB1D1 /* Products */,
			);
			sourceTree = "<group>";
		};
		571295992EF46082008BB1D1 /* Products */ = {
			isa = PBXGroup;
			children = (
				571295982EF46082008BB1D1 /* RAMA_TMS.app */,
				571295A82EF46085008BB1D1 /* RAMA_TMSTests.xctest */,
				571295B22EF46085008BB1D1 /* RAMA_TMSUITests.xctest */,
			);
			name = Products;
			sourceTree = "<group>";
		};
/* End PBXGroup section */

/* Begin PBXNativeTarget section */
		571295972EF46082008BB1D1 /* RAMA_TMS */ = {
			isa = PBXNativeTarget;
			buildConfigurationList = 571295BC2EF46085008BB1D1 /* Build configuration list for PBXNativeTarget "RAMA_TMS" */;
			buildPhases = (
				571295942EF46082008BB1D1 /* Sources */,
				571295952EF46082008BB1D1 /* Frameworks */,
				571295962EF46082008BB1D1 /* Resources */,
			);
			buildRules = (
			);
			dependencies = (
			);
			fileSystemSynchronizedGroups = (
				5712959A2EF46082008BB1D1 /* RAMA_TMS */,
			);
			name = RAMA_TMS;
			packageProductDependencies = (
			);
			productName = RAMA_TMS;
			productReference = 571295982EF46082008BB1D1 /* RAMA_TMS.app */;
			productType = "com.apple.product-type.application";
		};
		571295A72EF46085008BB1D1 /* RAMA_TMSTests */ = {
			isa = PBXNativeTarget;
			buildConfigurationList = 571295BF2EF46085008BB1D1 /* Build configuration list for PBXNativeTarget "RAMA_TMSTests" */;
			buildPhases = (
				571295A42EF46085008BB1D1 /* Sources */,
				571295A52EF46085008BB1D1 /* Frameworks */,
				571295A62EF46085008BB1D1 /* Resources */,
			);
			buildRules = (
			);
			dependencies = (
				571295AA2EF46085008BB1D1 /* PBXTargetDependency */,
			);
			fileSystemSynchronizedGroups = (
				571295AB2EF46085008BB1D1 /* RAMA_TMSTests */,
			);
			name = RAMA_TMSTests;
			packageProductDependencies = (
			);
			productName = RAMA_TMSTests;
			productReference = 571295A82EF46085008BB1D1 /* RAMA_TMSTests.xctest */;
			productType = "com.apple.product-type.bundle.unit-test";
		};
		571295B12EF46085008BB1D1 /* RAMA_TMSUITests */ = {
			isa = PBXNativeTarget;
			buildConfigurationList = 571295C22EF46085008BB1D1 /* Build configuration list for PBXNativeTarget "RAMA_TMSUITests" */;
			buildPhases = (
				571295AE2EF46085008BB1D1 /* Sources */,
				571295AF2EF46085008BB1D1 /* Frameworks */,
				571295B02EF46085008BB1D1 /* Resources */,
			);
			buildRules = (
			);
			dependencies = (
				571295B42EF46085008BB1D1 /* PBXTargetDependency */,
			);
			fileSystemSynchronizedGroups = (
				571295B52EF46085008BB1D1 /* RAMA_TMSUITests */,
			);
			name = RAMA_TMSUITests;
			packageProductDependencies = (
			);
			productName = RAMA_TMSUITests;
			productReference = 571295B22EF46085008BB1D1 /* RAMA_TMSUITests.xctest */;
			productType = "com.apple.product-type.bundle.ui-testing";
		};
/* End PBXNativeTarget section */

/* Begin PBXProject section */
		571295902EF46082008BB1D1 /* Project object */ = {
			isa = PBXProject;
			attributes = {
				BuildIndependentTargetsInParallel = 1;
				LastSwiftUpdateCheck = 1620;
				LastUpgradeCheck = 1620;
				TargetAttributes = {
					571295972EF46082008BB1D1 = {
						CreatedOnToolsVersion = 16.2;
					};
					571295A72EF46085008BB1D1 = {
						CreatedOnToolsVersion = 16.2;
						TestTargetID = 571295972EF46082008BB1D1;
					};
					571295B12EF46085008BB1D1 = {
						CreatedOnToolsVersion = 16.2;
						TestTargetID = 571295972EF46082008BB1D1;
					};
				};
			};
			buildConfigurationList = 571295932EF46082008BB1D1 /* Build configuration list for PBXProject "RAMA_TMS" */;
			developmentRegion = en;
			hasScannedForEncodings = 0;
			knownRegions = (
				en,
				Base,
			);
			mainGroup = 5712958F2EF46082008BB1D1;
			minimizedProjectReferenceProxies = 1;
			preferredProjectObjectVersion = 77;
			productRefGroup = 571295992EF46082008BB1D1 /* Products */;
			projectDirPath = "";
			projectRoot = "";
			targets = (
				571295972EF46082008BB1D1 /* RAMA_TMS */,
				571295A72EF46085008BB1D1 /* RAMA_TMSTests */,
				571295B12EF46085008BB1D1 /* RAMA_TMSUITests */,
			);
		};
/* End PBXProject section */

/* Begin PBXResourcesBuildPhase section */
		571295962EF46082008BB1D1 /* Resources */ = {
			isa = PBXResourcesBuildPhase;
			buildActionMask = 2147483647;
			files = (
			);
			runOnlyForDeploymentPostprocessing = 0;
		};
		571295A62EF46085008BB1D1 /* Resources */ = {
			isa = PBXResourcesBuildPhase;
			buildActionMask = 2147483647;
			files = (
			);
			runOnlyForDeploymentPostprocessing = 0;
		};
		571295B02EF46085008BB1D1 /* Resources */ = {
			isa = PBXResourcesBuildPhase;
			buildActionMask = 2147483647;
			files = (
			);
			runOnlyForDeploymentPostprocessing = 0;
		};
/* End PBXResourcesBuildPhase section */

/* Begin PBXSourcesBuildPhase section */
		571295942EF46082008BB1D1 /* Sources */ = {
			isa = PBXSourcesBuildPhase;
			buildActionMask = 2147483647;
			files = (
			);
			runOnlyForDeploymentPostprocessing = 0;
		};
		571295A42EF46085008BB1D1 /* Sources */ = {
			isa = PBXSourcesBuildPhase;
			buildActionMask = 2147483647;
			files = (
			);
			runOnlyForDeploymentPostprocessing = 0;
		};
		571295AE2EF46085008BB1D1 /* Sources */ = {
			isa = PBXSourcesBuildPhase;
			buildActionMask = 2147483647;
			files = (
			);
			runOnlyForDeploymentPostprocessing = 0;
		};
/* End PBXSourcesBuildPhase section */

/* Begin PBXTargetDependency section */
		571295AA2EF46085008BB1D1 /* PBXTargetDependency */ = {
			isa = PBXTargetDependency;
			target = 571295972EF46082008BB1D1 /* RAMA_TMS */;
			targetProxy = 571295A92EF46085008BB1D1 /* PBXContainerItemProxy */;
		};
		571295B42EF46085008BB1D1 /* PBXTargetDependency */ = {
			isa = PBXTargetDependency;
			target = 571295972EF46082008BB1D1 /* RAMA_TMS */;
			targetProxy = 571295B32EF46085008BB1D1 /* PBXContainerItemProxy */;
		};
/* End PBXTargetDependency section */

/* Begin XCBuildConfiguration section */
		571295BA2EF46085008BB1D1 /* Debug */ = {
			isa = XCBuildConfiguration;
			buildSettings = {
				ALWAYS_SEARCH_USER_PATHS = NO;
				ASSETCATALOG_COMPILER_GENERATE_SWIFT_ASSET_SYMBOL_EXTENSIONS = YES;
				CLANG_ANALYZER_NONNULL = YES;
				CLANG_ANALYZER_NUMBER_OBJECT_CONVERSION = YES_AGGRESSIVE;
				CLANG_CXX_LANGUAGE_STANDARD = "gnu++20";
				CLANG_ENABLE_MODULES = YES;
				CLANG_ENABLE_OBJC_ARC = YES;
				CLANG_ENABLE_OBJC_WEAK = YES;
				CLANG_WARN_BLOCK_CAPTURE_AUTORELEASING = YES;
				CLANG_WARN_BOOL_CONVERSION = YES;
				CLANG_WARN_COMMA = YES;
				CLANG_WARN_CONSTANT_CONVERSION = YES;
				CLANG_WARN_DEPRECATED_OBJC_IMPLEMENTATIONS = YES;
				CLANG_WARN_DIRECT_OBJC_ISA_USAGE = YES_ERROR;
				CLANG_WARN_DOCUMENTATION_COMMENTS = YES;
				CLANG_WARN_EMPTY_BODY = YES;
				CLANG_WARN_ENUM_CONVERSION = YES;
				CLANG_WARN_INFINITE_RECURSION = YES;
				CLANG_WARN_INT_CONVERSION = YES;
				CLANG_WARN_NON_LITERAL_NULL_CONVERSION = YES;
				CLANG_WARN_OBJC_IMPLICIT_RETAIN_SELF = YES;
				CLANG_WARN_OBJC_LITERAL_CONVERSION = YES;
				CLANG_WARN_OBJC_ROOT_CLASS = YES_ERROR;
				CLANG_WARN_QUOTED_INCLUDE_IN_FRAMEWORK_HEADER = YES;
				CLANG_WARN_RANGE_LOOP_ANALYSIS = YES;
				CLANG_WARN_STRICT_PROTOTYPES = YES;
				CLANG_WARN_SUSPICIOUS_MOVE = YES;
				CLANG_WARN_UNGUARDED_AVAILABILITY = YES_AGGRESSIVE;
				CLANG_WARN_UNREACHABLE_CODE = YES;
				CLANG_WARN__DUPLICATE_METHOD_MATCH = YES;
				COPY_PHASE_STRIP = NO;
				DEBUG_INFORMATION_FORMAT = dwarf;
				ENABLE_STRICT_OBJC_MSGSEND = YES;
				ENABLE_TESTABILITY = YES;
				ENABLE_USER_SCRIPT_SANDBOXING = YES;
				GCC_C_LANGUAGE_STANDARD = gnu17;
				GCC_DYNAMIC_NO_PIC = NO;
				GCC_NO_COMMON_BLOCKS = YES;
				GCC_OPTIMIZATION_LEVEL = 0;
				GCC_PREPROCESSOR_DEFINITIONS = (
					"DEBUG=1",
					"$(inherited)",
				);
				GCC_WARN_64_TO_32_BIT_CONVERSION = YES;
				GCC_WARN_ABOUT_RETURN_TYPE = YES_ERROR;
				GCC_WARN_UNDECLARED_SELECTOR = YES;
				GCC_WARN_UNINITIALIZED_AUTOS = YES_AGGRESSIVE;
				GCC_WARN_UNUSED_FUNCTION = YES;
				GCC_WARN_UNUSED_VARIABLE = YES;
				IPHONEOS_DEPLOYMENT_TARGET = 18.2;
				LOCALIZATION_PREFERS_STRING_CATALOGS = YES;
				MTL_ENABLE_DEBUG_INFO = INCLUDE_SOURCE;
				MTL_FAST_MATH = YES;
				ONLY_ACTIVE_ARCH = YES;
				SDKROOT = iphoneos;
				SWIFT_ACTIVE_COMPILATION_CONDITIONS = "DEBUG $(inherited)";
				SWIFT_OPTIMIZATION_LEVEL = "-Onone";
			};
			name = Debug;
		};
		571295BB2EF46085008BB1D1 /* Release */ = {
			isa = XCBuildConfiguration;
			buildSettings = {
				ALWAYS_SEARCH_USER_PATHS = NO;
				ASSETCATALOG_COMPILER_GENERATE_SWIFT_ASSET_SYMBOL_EXTENSIONS = YES;
				CLANG_ANALYZER_NONNULL = YES;
				CLANG_ANALYZER_NUMBER_OBJECT_CONVERSION = YES_AGGRESSIVE;
				CLANG_CXX_LANGUAGE_STANDARD = "gnu++20";
				CLANG_ENABLE_MODULES = YES;
				CLANG_ENABLE_OBJC_ARC = YES;
				CLANG_ENABLE_OBJC_WEAK = YES;
				CLANG_WARN_BLOCK_CAPTURE_AUTORELEASING = YES;
				CLANG_WARN_BOOL_CONVERSION = YES;
				CLANG_WARN_COMMA = YES;
				CLANG_WARN_CONSTANT_CONVERSION = YES;
				CLANG_WARN_DEPRECATED_OBJC_IMPLEMENTATIONS = YES;
				CLANG_WARN_DIRECT_OBJC_ISA_USAGE = YES_ERROR;
				CLANG_WARN_DOCUMENTATION_COMMENTS = YES;
				CLANG_WARN_EMPTY_BODY = YES;
				CLANG_WARN_ENUM_CONVERSION = YES;
				CLANG_WARN_INFINITE_RECURSION = YES;
				CLANG_WARN_INT_CONVERSION = YES;
				CLANG_WARN_NON_LITERAL_NULL_CONVERSION = YES;
				CLANG_WARN_OBJC_IMPLICIT_RETAIN_SELF = YES;
				CLANG_WARN_OBJC_LITERAL_CONVERSION = YES;
				CLANG_WARN_OBJC_ROOT_CLASS = YES_ERROR;
				CLANG_WARN_QUOTED_INCLUDE_IN_FRAMEWORK_HEADER = YES;
				CLANG_WARN_RANGE_LOOP_ANALYSIS = YES;
				CLANG_WARN_STRICT_PROTOTYPES = YES;
				CLANG_WARN_SUSPICIOUS_MOVE = YES;
				CLANG_WARN_UNGUARDED_AVAILABILITY = YES_AGGRESSIVE;
				CLANG_WARN_UNREACHABLE_CODE = YES;
				CLANG_WARN__DUPLICATE_METHOD_MATCH = YES;
				COPY_PHASE_STRIP = NO;
				DEBUG_INFORMATION_FORMAT = "dwarf-with-dsym";
				ENABLE_NS_ASSERTIONS = NO;
				ENABLE_STRICT_OBJC_MSGSEND = YES;
				ENABLE_USER_SCRIPT_SANDBOXING = YES;
				GCC_C_LANGUAGE_STANDARD = gnu17;
				GCC_NO_COMMON_BLOCKS = YES;
				GCC_WARN_64_TO_32_BIT_CONVERSION = YES;
				GCC_WARN_ABOUT_RETURN_TYPE = YES_ERROR;
				GCC_WARN_UNDECLARED_SELECTOR = YES;
				GCC_WARN_UNINITIALIZED_AUTOS = YES_AGGRESSIVE;
				GCC_WARN_UNUSED_FUNCTION = YES;
				GCC_WARN_UNUSED_VARIABLE = YES;
				IPHONEOS_DEPLOYMENT_TARGET = 18.2;
				LOCALIZATION_PREFERS_STRING_CATALOGS = YES;
				MTL_ENABLE_DEBUG_INFO = NO;
				MTL_FAST_MATH = YES;
				SDKROOT = iphoneos;
				SWIFT_COMPILATION_MODE = wholemodule;
				VALIDATE_PRODUCT = YES;
			};
			name = Release;
		};
		571295BD2EF46085008BB1D1 /* Debug */ = {
			isa = XCBuildConfiguration;
			buildSettings = {
				ASSETCATALOG_COMPILER_APPICON_NAME = AppIcon;
				ASSETCATALOG_COMPILER_GLOBAL_ACCENT_COLOR_NAME = AccentColor;
				CODE_SIGN_STYLE = Automatic;
				CURRENT_PROJECT_VERSION = 1;
				DEVELOPMENT_ASSET_PATHS = "\"RAMA_TMS/Preview Content\"";
				ENABLE_PREVIEWS = YES;
				GENERATE_INFOPLIST_FILE = YES;
				INFOPLIST_FILE = "RAMA-TMS-Info.plist";
				INFOPLIST_KEY_UIApplicationSceneManifest_Generation = YES;
				INFOPLIST_KEY_UIApplicationSupportsIndirectInputEvents = YES;
				INFOPLIST_KEY_UILaunchScreen_Generation = YES;
				INFOPLIST_KEY_UISupportedInterfaceOrientations_iPad = "UIInterfaceOrientationPortrait UIInterfaceOrientationPortraitUpsideDown UIInterfaceOrientationLandscapeLeft UIInterfaceOrientationLandscapeRight";
				INFOPLIST_KEY_UISupportedInterfaceOrientations_iPhone = "UIInterfaceOrientationPortrait UIInterfaceOrientationLandscapeLeft UIInterfaceOrientationLandscapeRight";
				LD_RUNPATH_SEARCH_PATHS = (
					"$(inherited)",
					"@executable_path/Frameworks",
				);
				MARKETING_VERSION = 1.0;
				PRODUCT_BUNDLE_IDENTIFIER = "com.ananthaadirayramatha.RAMA-TMS";
				PRODUCT_NAME = "$(TARGET_NAME)";
				SWIFT_EMIT_LOC_STRINGS = YES;
				SWIFT_VERSION = 5.0;
				TARGETED_DEVICE_FAMILY = "1,2";
			};
			name = Debug;
		};
		571295BE2EF46085008BB1D1 /* Release */ = {
			isa = XCBuildConfiguration;
			buildSettings = {
				ASSETCATALOG_COMPILER_APPICON_NAME = AppIcon;
				ASSETCATALOG_COMPILER_GLOBAL_ACCENT_COLOR_NAME = AccentColor;
				CODE_SIGN_STYLE = Automatic;
				CURRENT_PROJECT_VERSION = 1;
				DEVELOPMENT_ASSET_PATHS = "\"RAMA_TMS/Preview Content\"";
				ENABLE_PREVIEWS = YES;
				GENERATE_INFOPLIST_FILE = YES;
				INFOPLIST_FILE = "RAMA-TMS-Info.plist";
				INFOPLIST_KEY_UIApplicationSceneManifest_Generation = YES;
				INFOPLIST_KEY_UIApplicationSupportsIndirectInputEvents = YES;
				INFOPLIST_KEY_UILaunchScreen_Generation = YES;
				INFOPLIST_KEY_UISupportedInterfaceOrientations_iPad = "UIInterfaceOrientationPortrait UIInterfaceOrientationPortraitUpsideDown UIInterfaceOrientationLandscapeLeft UIInterfaceOrientationLandscapeRight";
				INFOPLIST_KEY_UISupportedInterfaceOrientations_iPhone = "UIInterfaceOrientationPortrait UIInterfaceOrientationLandscapeLeft UIInterfaceOrientationLandscapeRight";
				LD_RUNPATH_SEARCH_PATHS = (
					"$(inherited)",
					"@executable_path/Frameworks",
				);
				MARKETING_VERSION = 1.0;
				PRODUCT_BUNDLE_IDENTIFIER = "com.ananthaadirayramatha.RAMA-TMS";
				PRODUCT_NAME = "$(TARGET_NAME)";
				SWIFT_EMIT_LOC_STRINGS = YES;
				SWIFT_VERSION = 5.0;
				TARGETED_DEVICE_FAMILY = "1,2";
			};
			name = Release;
		};
		571295C02EF46085008BB1D1 /* Debug */ = {
			isa = XCBuildConfiguration;
			buildSettings = {
				BUNDLE_LOADER = "$(TEST_HOST)";
				CODE_SIGN_STYLE = Automatic;
				CURRENT_PROJECT_VERSION = 1;
				GENERATE_INFOPLIST_FILE = YES;
				IPHONEOS_DEPLOYMENT_TARGET = 18.2;
				MARKETING_VERSION = 1.0;
				PRODUCT_BUNDLE_IDENTIFIER = "com.ananthaadirayramatha.RAMA-TMSTests";
				PRODUCT_NAME = "$(TARGET_NAME)";
				SWIFT_EMIT_LOC_STRINGS = NO;
				SWIFT_VERSION = 5.0;
				TARGETED_DEVICE_FAMILY = "1,2";
				TEST_HOST = "$(BUILT_PRODUCTS_DIR)/RAMA_TMS.app/$(BUNDLE_EXECUTABLE_FOLDER_PATH)/RAMA_TMS";
			};
			name = Debug;
		};
		571295C12EF46085008BB1D1 /* Release */ = {
			isa = XCBuildConfiguration;
			buildSettings = {
				BUNDLE_LOADER = "$(TEST_HOST)";
				CODE_SIGN_STYLE = Automatic;
				CURRENT_PROJECT_VERSION = 1;
				GENERATE_INFOPLIST_FILE = YES;
				IPHONEOS_DEPLOYMENT_TARGET = 18.2;
				MARKETING_VERSION = 1.0;
				PRODUCT_BUNDLE_IDENTIFIER = "com.ananthaadirayramatha.RAMA-TMSTests";
				PRODUCT_NAME = "$(TARGET_NAME)";
				SWIFT_EMIT_LOC_STRINGS = NO;
				SWIFT_VERSION = 5.0;
				TARGETED_DEVICE_FAMILY = "1,2";
				TEST_HOST = "$(BUILT_PRODUCTS_DIR)/RAMA_TMS.app/$(BUNDLE_EXECUTABLE_FOLDER_PATH)/RAMA_TMS";
			};
			name = Release;
		};
		571295C32EF46085008BB1D1 /* Debug */ = {
			isa = XCBuildConfiguration;
			buildSettings = {
				CODE_SIGN_STYLE = Automatic;
				CURRENT_PROJECT_VERSION = 1;
				GENERATE_INFOPLIST_FILE = YES;
				MARKETING_VERSION = 1.0;
				PRODUCT_BUNDLE_IDENTIFIER = "com.ananthaadirayramatha.RAMA-TMSUITests";
				PRODUCT_NAME = "$(TARGET_NAME)";
				SWIFT_EMIT_LOC_STRINGS = NO;
				SWIFT_VERSION = 5.0;
				TARGETED_DEVICE_FAMILY = "1,2";
				TEST_TARGET_NAME = RAMA_TMS;
			};
			name = Debug;
		};
		571295C42EF46085008BB1D1 /* Release */ = {
			isa = XCBuildConfiguration;
			buildSettings = {
				CODE_SIGN_STYLE = Automatic;
				CURRENT_PROJECT_VERSION = 1;
				GENERATE_INFOPLIST_FILE = YES;
				MARKETING_VERSION = 1.0;
				PRODUCT_BUNDLE_IDENTIFIER = "com.ananthaadirayramatha.RAMA-TMSUITests";
				PRODUCT_NAME = "$(TARGET_NAME)";
				SWIFT_EMIT_LOC_STRINGS = NO;
				SWIFT_VERSION = 5.0;
				TARGETED_DEVICE_FAMILY = "1,2";
				TEST_TARGET_NAME = RAMA_TMS;
			};
			name = Release;
		};
/* End XCBuildConfiguration section */

/* Begin XCConfigurationList section */
		571295932EF46082008BB1D1 /* Build configuration list for PBXProject "RAMA_TMS" */ = {
			isa = XCConfigurationList;
			buildConfigurations = (
				571295BA2EF46085008BB1D1 /* Debug */,
				571295BB2EF46085008BB1D1 /* Release */,
			);
			defaultConfigurationIsVisible = 0;
			defaultConfigurationName = Release;
		};
		571295BC2EF46085008BB1D1 /* Build configuration list for PBXNativeTarget "RAMA_TMS" */ = {
			isa = XCConfigurationList;
			buildConfigurations = (
				571295BD2EF46085008BB1D1 /* Debug */,
				571295BE2EF46085008BB1D1 /* Release */,
			);
			defaultConfigurationIsVisible = 0;
			defaultConfigurationName = Release;
		};
		571295BF2EF46085008BB1D1 /* Build configuration list for PBXNativeTarget "RAMA_TMSTests" */ = {
			isa = XCConfigurationList;
			buildConfigurations = (
				571295C02EF46085008BB1D1 /* Debug */,
				571295C12EF46085008BB1D1 /* Release */,
			);
			defaultConfigurationIsVisible = 0;
			defaultConfigurationName = Release;
		};
		571295C22EF46085008BB1D1 /* Build configuration list for PBXNativeTarget "RAMA_TMSUITests" */ = {
			isa = XCConfigurationList;
			buildConfigurations = (
				571295C32EF46085008BB1D1 /* Debug */,
				571295C42EF46085008BB1D1 /* Release */,
			);
			defaultConfigurationIsVisible = 0;
			defaultConfigurationName = Release;
		};
/* End XCConfigurationList section */
	};
	rootObject = 571295902EF46082008BB1D1 /* Project object */;
}
